
Microsoft Visual Studio Solution File, Format Version 12.00
# Visual Studio Version 17
VisualStudioVersion = 17.7.34031.279
MinimumVisualStudioVersion = 10.0.40219.1
Project("{8BC9CEB8-8B4A-11D0-8D11-00A0C91BC942}") = "Duomenu_failu_kurimas", "Duomenu_failu_kurimas.vcxproj", "{5F2C2A46-907E-46AE-A672-F85873FAD0CC}"
EndProject
Global
	GlobalSection(SolutionConfigurationPlatforms) = preSolution
		Debug|x64 = Debug|x64
		Debug|x86 = Debug|x86
		Release|x64 = Release|x64
		Release|x86 = Release|x86
	EndGlobalSection
	GlobalSection(ProjectConfigurationPlatforms) = postSolution
		{5F2C2A46-907E-46AE-A672-F85873FAD0CC}.Debug|x64.ActiveCfg = Debug|x64
		{5F2C2A46-907E-46AE-A672-F85873FAD0CC}.Debug|x64.Build.0 = Debug|x64
		{5F2C2A46-907E-46AE-A672-F85873FAD0CC}.Debug|x86.ActiveCfg = Debug|Win32
		{5F2C2A46-907E-46AE-A672-F85873FAD0CC}.Debug|x86.Build.0 = Debug|Win32
		{5F2C2A46-907E-46AE-A672-F85873FAD0CC}.Release|x64.ActiveCfg = Release|x64
		{5F2C2A46-907E-46AE-A672-F85873FAD0CC}.Release|x64.Build.0 = Release|x64
		{5F2C2A46-907E-46AE-A672-F85873FAD0CC}.Release|x86.ActiveCfg = Release|Win32
		{5F2C2A46-907E-46AE-A672-F85873FAD0CC}.Release|x86.Build.0 = Release|Win32
	EndGlobalSection
	GlobalSection(SolutionProperties) = preSolution
		HideSolutionNode = FALSE
	EndGlobalSection
	GlobalSection(ExtensibilityGlobals) = postSolution
		SolutionGuid = {26537304-99DF-4DC6-8B7E-450C098393B3}
	EndGlobalSection
EndGlobal
